// !$*UTF8*$!
{
	archiveVersion = 1;
	classes = {
	};
	objectVersion = 55;
	objects = {

/* Begin PBXBuildFile section */
		76DB7F77AED7C17DA175C589 /* libPods-inPinUI.a in Frameworks */ = {isa = PBXBuildFile; fileRef = DA0E2CE2BC6EC06807441DF1 /* libPods-inPinUI.a */; };
		E6083CF42794554600E5A5BF /* UIView+Extensions.swift in Sources */ = {isa = PBXBuildFile; fileRef = E6083CF32794554600E5A5BF /* UIView+Extensions.swift */; };
		E632BD80280DED0C009E21A7 /* MockDataConstants.swift in Sources */ = {isa = PBXBuildFile; fileRef = E632BD7F280DED0C009E21A7 /* MockDataConstants.swift */; };
		E632BD82280DEDB9009E21A7 /* HelperFunctions.swift in Sources */ = {isa = PBXBuildFile; fileRef = E632BD81280DEDB9009E21A7 /* HelperFunctions.swift */; };
		E6A265D52793341300AA001A /* AppDelegate.swift in Sources */ = {isa = PBXBuildFile; fileRef = E6A265D42793341300AA001A /* AppDelegate.swift */; };
		E6A265D72793341300AA001A /* SceneDelegate.swift in Sources */ = {isa = PBXBuildFile; fileRef = E6A265D62793341300AA001A /* SceneDelegate.swift */; };
		E6A265D92793341300AA001A /* ViewController.swift in Sources */ = {isa = PBXBuildFile; fileRef = E6A265D82793341300AA001A /* ViewController.swift */; };
		E6A265DC2793341300AA001A /* Main.storyboard in Resources */ = {isa = PBXBuildFile; fileRef = E6A265DA2793341300AA001A /* Main.storyboard */; };
		E6A265DE2793341400AA001A /* Assets.xcassets in Resources */ = {isa = PBXBuildFile; fileRef = E6A265DD2793341400AA001A /* Assets.xcassets */; };
		E6A265E12793341400AA001A /* LaunchScreen.storyboard in Resources */ = {isa = PBXBuildFile; fileRef = E6A265DF2793341400AA001A /* LaunchScreen.storyboard */; };
		E6FD1E9A27F388D0001BE877 /* MapConstants.swift in Sources */ = {isa = PBXBuildFile; fileRef = E6FD1E9927F388D0001BE877 /* MapConstants.swift */; };
		E6FD1E9D27F3963A001BE877 /* APIRequestService.swift in Sources */ = {isa = PBXBuildFile; fileRef = E6FD1E9C27F3963A001BE877 /* APIRequestService.swift */; };
		E6FD1EA027F39F9E001BE877 /* Restaurants.swift in Sources */ = {isa = PBXBuildFile; fileRef = E6FD1E9F27F39F9E001BE877 /* Restaurants.swift */; };
		E6FD1EA227F3A5BE001BE877 /* Location.swift in Sources */ = {isa = PBXBuildFile; fileRef = E6FD1EA127F3A5BE001BE877 /* Location.swift */; };
/* End PBXBuildFile section */

/* Begin PBXFileReference section */
		939AA9FF33D710B20F644BF4 /* Pods-inPinUI.debug.xcconfig */ = {isa = PBXFileReference; includeInIndex = 1; lastKnownFileType = text.xcconfig; name = "Pods-inPinUI.debug.xcconfig"; path = "Target Support Files/Pods-inPinUI/Pods-inPinUI.debug.xcconfig"; sourceTree = "<group>"; };
		DA0E2CE2BC6EC06807441DF1 /* libPods-inPinUI.a */ = {isa = PBXFileReference; explicitFileType = archive.ar; includeInIndex = 0; path = "libPods-inPinUI.a"; sourceTree = BUILT_PRODUCTS_DIR; };
		E6083CF32794554600E5A5BF /* UIView+Extensions.swift */ = {isa = PBXFileReference; lastKnownFileType = sourcecode.swift; path = "UIView+Extensions.swift"; sourceTree = "<group>"; };
		E632BD7F280DED0C009E21A7 /* MockDataConstants.swift */ = {isa = PBXFileReference; lastKnownFileType = sourcecode.swift; path = MockDataConstants.swift; sourceTree = "<group>"; };
		E632BD81280DEDB9009E21A7 /* HelperFunctions.swift */ = {isa = PBXFileReference; lastKnownFileType = sourcecode.swift; path = HelperFunctions.swift; sourceTree = "<group>"; };
		E6A265D12793341300AA001A /* inPinUI.app */ = {isa = PBXFileReference; explicitFileType = wrapper.application; includeInIndex = 0; path = inPinUI.app; sourceTree = BUILT_PRODUCTS_DIR; };
		E6A265D42793341300AA001A /* AppDelegate.swift */ = {isa = PBXFileReference; lastKnownFileType = sourcecode.swift; path = AppDelegate.swift; sourceTree = "<group>"; };
		E6A265D62793341300AA001A /* SceneDelegate.swift */ = {isa = PBXFileReference; lastKnownFileType = sourcecode.swift; path = SceneDelegate.swift; sourceTree = "<group>"; };
		E6A265D82793341300AA001A /* ViewController.swift */ = {isa = PBXFileReference; lastKnownFileType = sourcecode.swift; path = ViewController.swift; sourceTree = "<group>"; };
		E6A265DB2793341300AA001A /* Base */ = {isa = PBXFileReference; lastKnownFileType = file.storyboard; name = Base; path = Base.lproj/Main.storyboard; sourceTree = "<group>"; };
		E6A265DD2793341400AA001A /* Assets.xcassets */ = {isa = PBXFileReference; lastKnownFileType = folder.assetcatalog; path = Assets.xcassets; sourceTree = "<group>"; };
		E6A265E02793341400AA001A /* Base */ = {isa = PBXFileReference; lastKnownFileType = file.storyboard; name = Base; path = Base.lproj/LaunchScreen.storyboard; sourceTree = "<group>"; };
		E6A265E22793341400AA001A /* Info.plist */ = {isa = PBXFileReference; lastKnownFileType = text.plist.xml; path = Info.plist; sourceTree = "<group>"; };
		E6FD1E9927F388D0001BE877 /* MapConstants.swift */ = {isa = PBXFileReference; lastKnownFileType = sourcecode.swift; path = MapConstants.swift; sourceTree = "<group>"; };
		E6FD1E9C27F3963A001BE877 /* APIRequestService.swift */ = {isa = PBXFileReference; lastKnownFileType = sourcecode.swift; path = APIRequestService.swift; sourceTree = "<group>"; };
		E6FD1E9F27F39F9E001BE877 /* Restaurants.swift */ = {isa = PBXFileReference; lastKnownFileType = sourcecode.swift; path = Restaurants.swift; sourceTree = "<group>"; };
		E6FD1EA127F3A5BE001BE877 /* Location.swift */ = {isa = PBXFileReference; lastKnownFileType = sourcecode.swift; path = Location.swift; sourceTree = "<group>"; };
		E8563659549096F3415BD756 /* Pods-inPinUI.release.xcconfig */ = {isa = PBXFileReference; includeInIndex = 1; lastKnownFileType = text.xcconfig; name = "Pods-inPinUI.release.xcconfig"; path = "Target Support Files/Pods-inPinUI/Pods-inPinUI.release.xcconfig"; sourceTree = "<group>"; };
/* End PBXFileReference section */

/* Begin PBXFrameworksBuildPhase section */
		E6A265CE2793341300AA001A /* Frameworks */ = {
			isa = PBXFrameworksBuildPhase;
			buildActionMask = 2147483647;
			files = (
				76DB7F77AED7C17DA175C589 /* libPods-inPinUI.a in Frameworks */,
			);
			runOnlyForDeploymentPostprocessing = 0;
		};
/* End PBXFrameworksBuildPhase section */

/* Begin PBXGroup section */
		0F39748713B723FD36E66E14 /* Frameworks */ = {
			isa = PBXGroup;
			children = (
				DA0E2CE2BC6EC06807441DF1 /* libPods-inPinUI.a */,
			);
			name = Frameworks;
			sourceTree = "<group>";
		};
		98394ED4402A5700374F080F /* Pods */ = {
			isa = PBXGroup;
			children = (
				939AA9FF33D710B20F644BF4 /* Pods-inPinUI.debug.xcconfig */,
				E8563659549096F3415BD756 /* Pods-inPinUI.release.xcconfig */,
			);
			path = Pods;
			sourceTree = "<group>";
		};
		E6A265C82793341300AA001A = {
			isa = PBXGroup;
			children = (
				E6A265D32793341300AA001A /* inPinUI */,
				E6A265D22793341300AA001A /* Products */,
				98394ED4402A5700374F080F /* Pods */,
				0F39748713B723FD36E66E14 /* Frameworks */,
			);
			sourceTree = "<group>";
		};
		E6A265D22793341300AA001A /* Products */ = {
			isa = PBXGroup;
			children = (
				E6A265D12793341300AA001A /* inPinUI.app */,
			);
			name = Products;
			sourceTree = "<group>";
		};
		E6A265D32793341300AA001A /* inPinUI */ = {
			isa = PBXGroup;
			children = (
				E6FD1E9E27F39F74001BE877 /* Models */,
				E6FD1E9B27F39609001BE877 /* Services */,
				E6FD1E9827F388B0001BE877 /* Constants */,
				E6A265D42793341300AA001A /* AppDelegate.swift */,
				E6A265D62793341300AA001A /* SceneDelegate.swift */,
				E6A265D82793341300AA001A /* ViewController.swift */,
				E6083CF32794554600E5A5BF /* UIView+Extensions.swift */,
				E6A265DA2793341300AA001A /* Main.storyboard */,
				E6A265DD2793341400AA001A /* Assets.xcassets */,
				E6A265DF2793341400AA001A /* LaunchScreen.storyboard */,
				E6A265E22793341400AA001A /* Info.plist */,
			);
			path = inPinUI;
			sourceTree = "<group>";
		};
		E6FD1E9827F388B0001BE877 /* Constants */ = {
			isa = PBXGroup;
			children = (
				E6FD1E9927F388D0001BE877 /* MapConstants.swift */,
				E632BD7F280DED0C009E21A7 /* MockDataConstants.swift */,
			);
			path = Constants;
			sourceTree = "<group>";
		};
		E6FD1E9B27F39609001BE877 /* Services */ = {
			isa = PBXGroup;
			children = (
				E6FD1E9C27F3963A001BE877 /* APIRequestService.swift */,
				E632BD81280DEDB9009E21A7 /* HelperFunctions.swift */,
			);
			path = Services;
			sourceTree = "<group>";
		};
		E6FD1E9E27F39F74001BE877 /* Models */ = {
			isa = PBXGroup;
			children = (
				E6FD1E9F27F39F9E001BE877 /* Restaurants.swift */,
				E6FD1EA127F3A5BE001BE877 /* Location.swift */,
			);
			path = Models;
			sourceTree = "<group>";
		};
/* End PBXGroup section */

/* Begin PBXNativeTarget section */
		E6A265D02793341300AA001A /* inPinUI */ = {
			isa = PBXNativeTarget;
			buildConfigurationList = E6A265E52793341400AA001A /* Build configuration list for PBXNativeTarget "inPinUI" */;
			buildPhases = (
				E9ED6B06E75D7D281CF035C2 /* [CP] Check Pods Manifest.lock */,
				E6A265CD2793341300AA001A /* Sources */,
				E6A265CE2793341300AA001A /* Frameworks */,
				E6A265CF2793341300AA001A /* Resources */,
				40469348F12490AF85A7B942 /* [CP] Copy Pods Resources */,
			);
			buildRules = (
			);
			dependencies = (
			);
			name = inPinUI;
			productName = inPinUI;
			productReference = E6A265D12793341300AA001A /* inPinUI.app */;
			productType = "com.apple.product-type.application";
		};
/* End PBXNativeTarget section */

/* Begin PBXProject section */
		E6A265C92793341300AA001A /* Project object */ = {
			isa = PBXProject;
			attributes = {
				BuildIndependentTargetsInParallel = 1;
				LastSwiftUpdateCheck = 1320;
				LastUpgradeCheck = 1320;
				TargetAttributes = {
					E6A265D02793341300AA001A = {
						CreatedOnToolsVersion = 13.2.1;
					};
				};
			};
			buildConfigurationList = E6A265CC2793341300AA001A /* Build configuration list for PBXProject "inPinUI" */;
			compatibilityVersion = "Xcode 13.0";
			developmentRegion = en;
			hasScannedForEncodings = 0;
			knownRegions = (
				en,
				Base,
			);
			mainGroup = E6A265C82793341300AA001A;
			productRefGroup = E6A265D22793341300AA001A /* Products */;
			projectDirPath = "";
			projectRoot = "";
			targets = (
				E6A265D02793341300AA001A /* inPinUI */,
			);
		};
/* End PBXProject section */

/* Begin PBXResourcesBuildPhase section */
		E6A265CF2793341300AA001A /* Resources */ = {
			isa = PBXResourcesBuildPhase;
			buildActionMask = 2147483647;
			files = (
				E6A265E12793341400AA001A /* LaunchScreen.storyboard in Resources */,
				E6A265DE2793341400AA001A /* Assets.xcassets in Resources */,
				E6A265DC2793341300AA001A /* Main.storyboard in Resources */,
			);
			runOnlyForDeploymentPostprocessing = 0;
		};
/* End PBXResourcesBuildPhase section */

/* Begin PBXShellScriptBuildPhase section */
		40469348F12490AF85A7B942 /* [CP] Copy Pods Resources */ = {
			isa = PBXShellScriptBuildPhase;
			buildActionMask = 2147483647;
			files = (
			);
			inputFileListPaths = (
				"${PODS_ROOT}/Target Support Files/Pods-inPinUI/Pods-inPinUI-resources-${CONFIGURATION}-input-files.xcfilelist",
			);
			name = "[CP] Copy Pods Resources";
			outputFileListPaths = (
				"${PODS_ROOT}/Target Support Files/Pods-inPinUI/Pods-inPinUI-resources-${CONFIGURATION}-output-files.xcfilelist",
			);
			runOnlyForDeploymentPostprocessing = 0;
			shellPath = /bin/sh;
			shellScript = "\"${PODS_ROOT}/Target Support Files/Pods-inPinUI/Pods-inPinUI-resources.sh\"\n";
			showEnvVarsInLog = 0;
		};
		E9ED6B06E75D7D281CF035C2 /* [CP] Check Pods Manifest.lock */ = {
			isa = PBXShellScriptBuildPhase;
			buildActionMask = 2147483647;
			files = (
			);
			inputFileListPaths = (
			);
			inputPaths = (
				"${PODS_PODFILE_DIR_PATH}/Podfile.lock",
				"${PODS_ROOT}/Manifest.lock",
			);
			name = "[CP] Check Pods Manifest.lock";
			outputFileListPaths = (
			);
			outputPaths = (
				"$(DERIVED_FILE_DIR)/Pods-inPinUI-checkManifestLockResult.txt",
			);
			runOnlyForDeploymentPostprocessing = 0;
			shellPath = /bin/sh;
			shellScript = "diff \"${PODS_PODFILE_DIR_PATH}/Podfile.lock\" \"${PODS_ROOT}/Manifest.lock\" > /dev/null\nif [ $? != 0 ] ; then\n    # print error to STDERR\n    echo \"error: The sandbox is not in sync with the Podfile.lock. Run 'pod install' or update your CocoaPods installation.\" >&2\n    exit 1\nfi\n# This output is used by Xcode 'outputs' to avoid re-running this script phase.\necho \"SUCCESS\" > \"${SCRIPT_OUTPUT_FILE_0}\"\n";
			showEnvVarsInLog = 0;
		};
/* End PBXShellScriptBuildPhase section */

/* Begin PBXSourcesBuildPhase section */
		E6A265CD2793341300AA001A /* Sources */ = {
			isa = PBXSourcesBuildPhase;
			buildActionMask = 2147483647;
			files = (
				E6FD1E9A27F388D0001BE877 /* MapConstants.swift in Sources */,
				E6A265D92793341300AA001A /* ViewController.swift in Sources */,
				E6FD1EA227F3A5BE001BE877 /* Location.swift in Sources */,
				E6A265D52793341300AA001A /* AppDelegate.swift in Sources */,
				E6083CF42794554600E5A5BF /* UIView+Extensions.swift in Sources */,
				E632BD82280DEDB9009E21A7 /* HelperFunctions.swift in Sources */,
				E632BD80280DED0C009E21A7 /* MockDataConstants.swift in Sources */,
				E6FD1E9D27F3963A001BE877 /* APIRequestService.swift in Sources */,
				E6A265D72793341300AA001A /* SceneDelegate.swift in Sources */,
				E6FD1EA027F39F9E001BE877 /* Restaurants.swift in Sources */,
			);
			runOnlyForDeploymentPostprocessing = 0;
		};
/* End PBXSourcesBuildPhase section */

/* Begin PBXVariantGroup section */
		E6A265DA2793341300AA001A /* Main.storyboard */ = {
			isa = PBXVariantGroup;
			children = (
				E6A265DB2793341300AA001A /* Base */,
			);
			name = Main.storyboard;
			sourceTree = "<group>";
		};
		E6A265DF2793341400AA001A /* LaunchScreen.storyboard */ = {
			isa = PBXVariantGroup;
			children = (
				E6A265E02793341400AA001A /* Base */,
			);
			name = LaunchScreen.storyboard;
			sourceTree = "<group>";
		};
/* End PBXVariantGroup section */

/* Begin XCBuildConfiguration section */
		E6A265E32793341400AA001A /* Debug */ = {
			isa = XCBuildConfiguration;
			buildSettings = {
				ALWAYS_SEARCH_USER_PATHS = NO;
				CLANG_ANALYZER_NONNULL = YES;
				CLANG_ANALYZER_NUMBER_OBJECT_CONVERSION = YES_AGGRESSIVE;
				CLANG_CXX_LANGUAGE_STANDARD = "gnu++17";
				CLANG_CXX_LIBRARY = "libc++";
				CLANG_ENABLE_MODULES = YES;
				CLANG_ENABLE_OBJC_ARC = YES;
				CLANG_ENABLE_OBJC_WEAK = YES;
				CLANG_WARN_BLOCK_CAPTURE_AUTORELEASING = YES;
				CLANG_WARN_BOOL_CONVERSION = YES;
				CLANG_WARN_COMMA = YES;
				CLANG_WARN_CONSTANT_CONVERSION = YES;
				CLANG_WARN_DEPRECATED_OBJC_IMPLEMENTATIONS = YES;
				CLANG_WARN_DIRECT_OBJC_ISA_USAGE = YES_ERROR;
				CLANG_WARN_DOCUMENTATION_COMMENTS = YES;
				CLANG_WARN_EMPTY_BODY = YES;
				CLANG_WARN_ENUM_CONVERSION = YES;
				CLANG_WARN_INFINITE_RECURSION = YES;
				CLANG_WARN_INT_CONVERSION = YES;
				CLANG_WARN_NON_LITERAL_NULL_CONVERSION = YES;
				CLANG_WARN_OBJC_IMPLICIT_RETAIN_SELF = YES;
				CLANG_WARN_OBJC_LITERAL_CONVERSION = YES;
				CLANG_WARN_OBJC_ROOT_CLASS = YES_ERROR;
				CLANG_WARN_QUOTED_INCLUDE_IN_FRAMEWORK_HEADER = YES;
				CLANG_WARN_RANGE_LOOP_ANALYSIS = YES;
				CLANG_WARN_STRICT_PROTOTYPES = YES;
				CLANG_WARN_SUSPICIOUS_MOVE = YES;
				CLANG_WARN_UNGUARDED_AVAILABILITY = YES_AGGRESSIVE;
				CLANG_WARN_UNREACHABLE_CODE = YES;
				CLANG_WARN__DUPLICATE_METHOD_MATCH = YES;
				COPY_PHASE_STRIP = NO;
				DEBUG_INFORMATION_FORMAT = dwarf;
				ENABLE_STRICT_OBJC_MSGSEND = YES;
				ENABLE_TESTABILITY = YES;
				GCC_C_LANGUAGE_STANDARD = gnu11;
				GCC_DYNAMIC_NO_PIC = NO;
				GCC_NO_COMMON_BLOCKS = YES;
				GCC_OPTIMIZATION_LEVEL = 0;
				GCC_PREPROCESSOR_DEFINITIONS = (
					"DEBUG=1",
					"$(inherited)",
				);
				GCC_WARN_64_TO_32_BIT_CONVERSION = YES;
				GCC_WARN_ABOUT_RETURN_TYPE = YES_ERROR;
				GCC_WARN_UNDECLARED_SELECTOR = YES;
				GCC_WARN_UNINITIALIZED_AUTOS = YES_AGGRESSIVE;
				GCC_WARN_UNUSED_FUNCTION = YES;
				GCC_WARN_UNUSED_VARIABLE = YES;
				IPHONEOS_DEPLOYMENT_TARGET = 15.2;
				MTL_ENABLE_DEBUG_INFO = INCLUDE_SOURCE;
				MTL_FAST_MATH = YES;
				ONLY_ACTIVE_ARCH = YES;
				SDKROOT = iphoneos;
				SWIFT_ACTIVE_COMPILATION_CONDITIONS = DEBUG;
				SWIFT_OPTIMIZATION_LEVEL = "-Onone";
			};
			name = Debug;
		};
		E6A265E42793341400AA001A /* Release */ = {
			isa = XCBuildConfiguration;
			buildSettings = {
				ALWAYS_SEARCH_USER_PATHS = NO;
				CLANG_ANALYZER_NONNULL = YES;
				CLANG_ANALYZER_NUMBER_OBJECT_CONVERSION = YES_AGGRESSIVE;
				CLANG_CXX_LANGUAGE_STANDARD = "gnu++17";
				CLANG_CXX_LIBRARY = "libc++";
				CLANG_ENABLE_MODULES = YES;
				CLANG_ENABLE_OBJC_ARC = YES;
				CLANG_ENABLE_OBJC_WEAK = YES;
				CLANG_WARN_BLOCK_CAPTURE_AUTORELEASING = YES;
				CLANG_WARN_BOOL_CONVERSION = YES;
				CLANG_WARN_COMMA = YES;
				CLANG_WARN_CONSTANT_CONVERSION = YES;
				CLANG_WARN_DEPRECATED_OBJC_IMPLEMENTATIONS = YES;
				CLANG_WARN_DIRECT_OBJC_ISA_USAGE = YES_ERROR;
				CLANG_WARN_DOCUMENTATION_COMMENTS = YES;
				CLANG_WARN_EMPTY_BODY = YES;
				CLANG_WARN_ENUM_CONVERSION = YES;
				CLANG_WARN_INFINITE_RECURSION = YES;
				CLANG_WARN_INT_CONVERSION = YES;
				CLANG_WARN_NON_LITERAL_NULL_CONVERSION = YES;
				CLANG_WARN_OBJC_IMPLICIT_RETAIN_SELF = YES;
				CLANG_WARN_OBJC_LITERAL_CONVERSION = YES;
				CLANG_WARN_OBJC_ROOT_CLASS = YES_ERROR;
				CLANG_WARN_QUOTED_INCLUDE_IN_FRAMEWORK_HEADER = YES;
				CLANG_WARN_RANGE_LOOP_ANALYSIS = YES;
				CLANG_WARN_STRICT_PROTOTYPES = YES;
				CLANG_WARN_SUSPICIOUS_MOVE = YES;
				CLANG_WARN_UNGUARDED_AVAILABILITY = YES_AGGRESSIVE;
				CLANG_WARN_UNREACHABLE_CODE = YES;
				CLANG_WARN__DUPLICATE_METHOD_MATCH = YES;
				COPY_PHASE_STRIP = NO;
				DEBUG_INFORMATION_FORMAT = "dwarf-with-dsym";
				ENABLE_NS_ASSERTIONS = NO;
				ENABLE_STRICT_OBJC_MSGSEND = YES;
				GCC_C_LANGUAGE_STANDARD = gnu11;
				GCC_NO_COMMON_BLOCKS = YES;
				GCC_WARN_64_TO_32_BIT_CONVERSION = YES;
				GCC_WARN_ABOUT_RETURN_TYPE = YES_ERROR;
				GCC_WARN_UNDECLARED_SELECTOR = YES;
				GCC_WARN_UNINITIALIZED_AUTOS = YES_AGGRESSIVE;
				GCC_WARN_UNUSED_FUNCTION = YES;
				GCC_WARN_UNUSED_VARIABLE = YES;
				IPHONEOS_DEPLOYMENT_TARGET = 15.2;
				MTL_ENABLE_DEBUG_INFO = NO;
				MTL_FAST_MATH = YES;
				SDKROOT = iphoneos;
				SWIFT_COMPILATION_MODE = wholemodule;
				SWIFT_OPTIMIZATION_LEVEL = "-O";
				VALIDATE_PRODUCT = YES;
			};
			name = Release;
		};
		E6A265E62793341400AA001A /* Debug */ = {
			isa = XCBuildConfiguration;
			baseConfigurationReference = 939AA9FF33D710B20F644BF4 /* Pods-inPinUI.debug.xcconfig */;
			buildSettings = {
				ASSETCATALOG_COMPILER_APPICON_NAME = AppIcon;
				ASSETCATALOG_COMPILER_GLOBAL_ACCENT_COLOR_NAME = AccentColor;
				CODE_SIGN_STYLE = Automatic;
				CURRENT_PROJECT_VERSION = 1;
				DEVELOPMENT_TEAM = 9958D2UM6K;
				GENERATE_INFOPLIST_FILE = YES;
				INFOPLIST_FILE = inPinUI/Info.plist;
				INFOPLIST_KEY_NSLocationWhenInUseUsageDescription = "Allow location";
				INFOPLIST_KEY_UIApplicationSupportsIndirectInputEvents = YES;
				INFOPLIST_KEY_UILaunchStoryboardName = LaunchScreen;
				INFOPLIST_KEY_UIMainStoryboardFile = Main;
				INFOPLIST_KEY_UISupportedInterfaceOrientations_iPad = "UIInterfaceOrientationPortrait UIInterfaceOrientationPortraitUpsideDown UIInterfaceOrientationLandscapeLeft UIInterfaceOrientationLandscapeRight";
				INFOPLIST_KEY_UISupportedInterfaceOrientations_iPhone = "UIInterfaceOrientationPortrait UIInterfaceOrientationLandscapeLeft UIInterfaceOrientationLandscapeRight";
				IPHONEOS_DEPLOYMENT_TARGET = 15.2;
				LD_RUNPATH_SEARCH_PATHS = (
					"$(inherited)",
					"@executable_path/Frameworks",
				);
				MARKETING_VERSION = 1.0;
				PRODUCT_BUNDLE_IDENTIFIER = com.inpin.inPinUI1;
				PRODUCT_NAME = "$(TARGET_NAME)";
				SWIFT_EMIT_LOC_STRINGS = YES;
				SWIFT_VERSION = 5.0;
				TARGETED_DEVICE_FAMILY = "1,2";
			};
			name = Debug;
		};
		E6A265E72793341400AA001A /* Release */ = {
			isa = XCBuildConfiguration;
			baseConfigurationReference = E8563659549096F3415BD756 /* Pods-inPinUI.release.xcconfig */;
			buildSettings = {
				ASSETCATALOG_COMPILER_APPICON_NAME = AppIcon;
				ASSETCATALOG_COMPILER_GLOBAL_ACCENT_COLOR_NAME = AccentColor;
				CODE_SIGN_STYLE = Automatic;
				CURRENT_PROJECT_VERSION = 1;
				DEVELOPMENT_TEAM = 9958D2UM6K;
				GENERATE_INFOPLIST_FILE = YES;
				INFOPLIST_FILE = inPinUI/Info.plist;
				INFOPLIST_KEY_NSLocationWhenInUseUsageDescription = "Allow location";
				INFOPLIST_KEY_UIApplicationSupportsIndirectInputEvents = YES;
				INFOPLIST_KEY_UILaunchStoryboardName = LaunchScreen;
				INFOPLIST_KEY_UIMainStoryboardFile = Main;
				INFOPLIST_KEY_UISupportedInterfaceOrientations_iPad = "UIInterfaceOrientationPortrait UIInterfaceOrientationPortraitUpsideDown UIInterfaceOrientationLandscapeLeft UIInterfaceOrientationLandscapeRight";
				INFOPLIST_KEY_UISupportedInterfaceOrientations_iPhone = "UIInterfaceOrientationPortrait UIInterfaceOrientationLandscapeLeft UIInterfaceOrientationLandscapeRight";
				IPHONEOS_DEPLOYMENT_TARGET = 15.2;
				LD_RUNPATH_SEARCH_PATHS = (
					"$(inherited)",
					"@executable_path/Frameworks",
				);
				MARKETING_VERSION = 1.0;
				PRODUCT_BUNDLE_IDENTIFIER = com.inpin.inPinUI1;
				PRODUCT_NAME = "$(TARGET_NAME)";
				SWIFT_EMIT_LOC_STRINGS = YES;
				SWIFT_VERSION = 5.0;
				TARGETED_DEVICE_FAMILY = "1,2";
			};
			name = Release;
		};
/* End XCBuildConfiguration section */

/* Begin XCConfigurationList section */
		E6A265CC2793341300AA001A /* Build configuration list for PBXProject "inPinUI" */ = {
			isa = XCConfigurationList;
			buildConfigurations = (
				E6A265E32793341400AA001A /* Debug */,
				E6A265E42793341400AA001A /* Release */,
			);
			defaultConfigurationIsVisible = 0;
			defaultConfigurationName = Release;
		};
		E6A265E52793341400AA001A /* Build configuration list for PBXNativeTarget "inPinUI" */ = {
			isa = XCConfigurationList;
			buildConfigurations = (
				E6A265E62793341400AA001A /* Debug */,
				E6A265E72793341400AA001A /* Release */,
			);
			defaultConfigurationIsVisible = 0;
			defaultConfigurationName = Release;
		};
/* End XCConfigurationList section */
	};
	rootObject = E6A265C92793341300AA001A /* Project object */;
}
